
Microsoft Visual Studio Solution File, Format Version 12.00
# Visual Studio Version 17
VisualStudioVersion = 17.4.33122.133
MinimumVisualStudioVersion = 10.0.40219.1
Project("{9A19103F-16F7-4668-BE54-9A1E7A4F7556}") = "Decoy", "Decoy\Decoy.csproj", "{F9C9C84C-46F9-4771-8D28-E02A27CEBE22}"
EndProject
Project("{9A19103F-16F7-4668-BE54-9A1E7A4F7556}") = "Decoy.ViewModels", "Decoy.ViewModels\Decoy.ViewModels.csproj", "{9A22A969-ECB5-411B-B19B-F791EE70A7AE}"
EndProject
Project("{2150E333-8FDC-42A3-9474-1A3956D46DE8}") = "Common", "Common", "{4336E4D7-C8F7-47F8-988A-4838CE566C62}"
EndProject
Project("{2150E333-8FDC-42A3-9474-1A3956D46DE8}") = "Domain", "Domain", "{5CDF4AD1-4AC9-4511-A907-DD48F5BB3D22}"
EndProject
Project("{2150E333-8FDC-42A3-9474-1A3956D46DE8}") = "Infrastructure", "Infrastructure", "{E6271D76-F088-4CB7-BC0A-DE96E65362FC}"
EndProject
Project("{9A19103F-16F7-4668-BE54-9A1E7A4F7556}") = "Decoy.Domain", "Decoy.Domain\Decoy.Domain.csproj", "{555C902E-6978-498B-8EB1-5D1123C08B34}"
EndProject
Project("{9A19103F-16F7-4668-BE54-9A1E7A4F7556}") = "Decoy.Infrastructure", "Decoy.Infrastructure\Decoy.Infrastructure.csproj", "{34025F7E-C998-4B0E-A4F3-42241A4F6D7D}"
EndProject
Project("{9A19103F-16F7-4668-BE54-9A1E7A4F7556}") = "Decoy.Common.Styles", "Decoy.Common.Styles\Decoy.Common.Styles.csproj", "{A683F685-B729-4A8A-8E1E-7F5134D19722}"
EndProject
Project("{FAE04EC0-301F-11D3-BF4B-00C04F79EFBC}") = "Decoy.Common", "Decoy.Common\Decoy.Common.csproj", "{88DAC295-8C96-4069-AADB-24DC938A027F}"
EndProject
Global
	GlobalSection(SolutionConfigurationPlatforms) = preSolution
		Debug|Any CPU = Debug|Any CPU
		Release|Any CPU = Release|Any CPU
	EndGlobalSection
	GlobalSection(ProjectConfigurationPlatforms) = postSolution
		{F9C9C84C-46F9-4771-8D28-E02A27CEBE22}.Debug|Any CPU.ActiveCfg = Debug|Any CPU
		{F9C9C84C-46F9-4771-8D28-E02A27CEBE22}.Debug|Any CPU.Build.0 = Debug|Any CPU
		{F9C9C84C-46F9-4771-8D28-E02A27CEBE22}.Release|Any CPU.ActiveCfg = Release|Any CPU
		{F9C9C84C-46F9-4771-8D28-E02A27CEBE22}.Release|Any CPU.Build.0 = Release|Any CPU
		{9A22A969-ECB5-411B-B19B-F791EE70A7AE}.Debug|Any CPU.ActiveCfg = Debug|Any CPU
		{9A22A969-ECB5-411B-B19B-F791EE70A7AE}.Debug|Any CPU.Build.0 = Debug|Any CPU
		{9A22A969-ECB5-411B-B19B-F791EE70A7AE}.Release|Any CPU.ActiveCfg = Release|Any CPU
		{9A22A969-ECB5-411B-B19B-F791EE70A7AE}.Release|Any CPU.Build.0 = Release|Any CPU
		{555C902E-6978-498B-8EB1-5D1123C08B34}.Debug|Any CPU.ActiveCfg = Debug|Any CPU
		{555C902E-6978-498B-8EB1-5D1123C08B34}.Debug|Any CPU.Build.0 = Debug|Any CPU
		{555C902E-6978-498B-8EB1-5D1123C08B34}.Release|Any CPU.ActiveCfg = Release|Any CPU
		{555C902E-6978-498B-8EB1-5D1123C08B34}.Release|Any CPU.Build.0 = Release|Any CPU
		{34025F7E-C998-4B0E-A4F3-42241A4F6D7D}.Debug|Any CPU.ActiveCfg = Debug|Any CPU
		{34025F7E-C998-4B0E-A4F3-42241A4F6D7D}.Debug|Any CPU.Build.0 = Debug|Any CPU
		{34025F7E-C998-4B0E-A4F3-42241A4F6D7D}.Release|Any CPU.ActiveCfg = Release|Any CPU
		{34025F7E-C998-4B0E-A4F3-42241A4F6D7D}.Release|Any CPU.Build.0 = Release|Any CPU
		{A683F685-B729-4A8A-8E1E-7F5134D19722}.Debug|Any CPU.ActiveCfg = Debug|Any CPU
		{A683F685-B729-4A8A-8E1E-7F5134D19722}.Debug|Any CPU.Build.0 = Debug|Any CPU
		{A683F685-B729-4A8A-8E1E-7F5134D19722}.Release|Any CPU.ActiveCfg = Release|Any CPU
		{A683F685-B729-4A8A-8E1E-7F5134D19722}.Release|Any CPU.Build.0 = Release|Any CPU
		{88DAC295-8C96-4069-AADB-24DC938A027F}.Debug|Any CPU.ActiveCfg = Debug|Any CPU
		{88DAC295-8C96-4069-AADB-24DC938A027F}.Debug|Any CPU.Build.0 = Debug|Any CPU
		{88DAC295-8C96-4069-AADB-24DC938A027F}.Release|Any CPU.ActiveCfg = Release|Any CPU
		{88DAC295-8C96-4069-AADB-24DC938A027F}.Release|Any CPU.Build.0 = Release|Any CPU
	EndGlobalSection
	GlobalSection(SolutionProperties) = preSolution
		HideSolutionNode = FALSE
	EndGlobalSection
	GlobalSection(NestedProjects) = preSolution
		{555C902E-6978-498B-8EB1-5D1123C08B34} = {5CDF4AD1-4AC9-4511-A907-DD48F5BB3D22}
		{34025F7E-C998-4B0E-A4F3-42241A4F6D7D} = {E6271D76-F088-4CB7-BC0A-DE96E65362FC}
		{A683F685-B729-4A8A-8E1E-7F5134D19722} = {4336E4D7-C8F7-47F8-988A-4838CE566C62}
		{88DAC295-8C96-4069-AADB-24DC938A027F} = {4336E4D7-C8F7-47F8-988A-4838CE566C62}
	EndGlobalSection
	GlobalSection(ExtensibilityGlobals) = postSolution
		SolutionGuid = {8031565A-03B0-4A13-B329-00CB33B8C7DB}
	EndGlobalSection
EndGlobal
